
Microsoft Visual Studio Solution File, Format Version 12.00
# Visual Studio Version 16
VisualStudioVersion = 16.0.29911.84
MinimumVisualStudioVersion = 10.0.40219.1
Project("{FAE04EC0-301F-11D3-BF4B-00C04F79EFBC}") = "Fahrkartenautomat", "Fahrkartenautomat\Fahrkartenautomat.csproj", "{BB01B530-D07E-47F9-991D-90F6D9928165}"
EndProject
Global
	GlobalSection(SolutionConfigurationPlatforms) = preSolution
		Debug|Any CPU = Debug|Any CPU
		Release|Any CPU = Release|Any CPU
	EndGlobalSection
	GlobalSection(ProjectConfigurationPlatforms) = postSolution
		{BB01B530-D07E-47F9-991D-90F6D9928165}.Debug|Any CPU.ActiveCfg = Debug|Any CPU
		{BB01B530-D07E-47F9-991D-90F6D9928165}.Debug|Any CPU.Build.0 = Debug|Any CPU
		{BB01B530-D07E-47F9-991D-90F6D9928165}.Release|Any CPU.ActiveCfg = Release|Any CPU
		{BB01B530-D07E-47F9-991D-90F6D9928165}.Release|Any CPU.Build.0 = Release|Any CPU
	EndGlobalSection
	GlobalSection(SolutionProperties) = preSolution
		HideSolutionNode = FALSE
	EndGlobalSection
	GlobalSection(ExtensibilityGlobals) = postSolution
		SolutionGuid = {55541DF3-6683-4B13-B5A9-CAB85959C71F}
	EndGlobalSection
EndGlobal
